#MicroXplorer Configuration settings - do not modify
File.Version=6
KeepUserPlacement=false
Mcu.Family=STM32F0
Mcu.IP0=I2C1
Mcu.IP1=NVIC
Mcu.IP2=RCC
Mcu.IP3=SPI1
Mcu.IP4=SYS
Mcu.IPNb=5
Mcu.Name=STM32F030K6Tx
Mcu.Package=LQFP32
Mcu.Pin0=PA0
Mcu.Pin1=PA2
Mcu.Pin10=PA12
Mcu.Pin11=PA13
Mcu.Pin12=PA14
Mcu.Pin13=PA15
Mcu.Pin14=PB3
Mcu.Pin15=PB4
Mcu.Pin16=PB5
Mcu.Pin17=PB6
Mcu.Pin18=PB7
Mcu.Pin19=VP_SYS_VS_Systick
Mcu.Pin2=PA5
Mcu.Pin3=PA6
Mcu.Pin4=PA7
Mcu.Pin5=PB1
Mcu.Pin6=PA8
Mcu.Pin7=PA9
Mcu.Pin8=PA10
Mcu.Pin9=PA11
Mcu.PinsNb=20
Mcu.ThirdPartyNb=0
Mcu.UserConstants=
Mcu.UserName=STM32F030K6Tx
MxCube.Version=5.0.1
MxDb.Version=DB.5.0.1
NVIC.HardFault_IRQn=true\:0\:0\:false\:false\:true\:false
NVIC.NonMaskableInt_IRQn=true\:0\:0\:false\:false\:true\:false
NVIC.PendSV_IRQn=true\:0\:0\:false\:false\:true\:false
NVIC.SVC_IRQn=true\:0\:0\:false\:false\:true\:false
NVIC.SysTick_IRQn=true\:0\:0\:false\:false\:true\:false
PA0.GPIOParameters=GPIO_Label
PA0.GPIO_Label=REL1
PA0.Locked=true
PA0.Signal=GPXTI0
PA10.Mode=I2C
PA10.Signal=I2C1_SDA
PA11.GPIOParameters=GPIO_Label
PA11.GPIO_Label=ROT_B
PA11.Locked=true
PA11.Signal=GPXTI11
PA12.GPIOParameters=GPIO_Label
PA12.GPIO_Label=ROT_S
PA12.Locked=true
PA12.Signal=GPXTI12
PA13.GPIOParameters=GPIO_Label
PA13.GPIO_Label=FSELECT
PA13.Locked=true
PA13.Signal=GPXTI13
PA14.GPIOParameters=GPIO_Label
PA14.GPIO_Label=SDATA
PA14.Locked=true
PA14.Signal=GPXTI14
PA15.GPIOParameters=GPIO_Label
PA15.GPIO_Label=FSYNC
PA15.Locked=true
PA15.Signal=GPXTI15
PA2.GPIOParameters=GPIO_Label
PA2.GPIO_Label=REL3
PA2.Locked=true
PA2.Signal=GPXTI2
PA5.Mode=Full_Duplex_Master
PA5.Signal=SPI1_SCK
PA6.Mode=Full_Duplex_Master
PA6.Signal=SPI1_MISO
PA7.Mode=Full_Duplex_Master
PA7.Signal=SPI1_MOSI
PA8.GPIOParameters=GPIO_Label
PA8.GPIO_Label=ROT_A
PA8.Locked=true
PA8.Signal=GPXTI8
PA9.Mode=I2C
PA9.Signal=I2C1_SCL
PB1.GPIOParameters=GPIO_Label
PB1.GPIO_Label=SCLK
PB1.Locked=true
PB1.Signal=GPXTI1
PB3.GPIOParameters=GPIO_Label
PB3.GPIO_Label=DATAEN
PB3.Locked=true
PB3.Signal=GPXTI3
PB4.GPIOParameters=GPIO_Label
PB4.GPIO_Label=TXEN
PB4.Locked=true
PB4.Signal=GPXTI4
PB5.GPIOParameters=GPIO_Label
PB5.GPIO_Label=DIGITAL_OUT_1
PB5.Locked=true
PB5.Signal=GPXTI5
PB6.GPIOParameters=GPIO_Label
PB6.GPIO_Label=PSEL1
PB6.Locked=true
PB6.Signal=GPXTI6
PB7.GPIOParameters=GPIO_Label
PB7.GPIO_Label=PSEL0
PB7.Locked=true
PB7.Signal=GPXTI7
PCC.Checker=false
PCC.Line=STM32F0x0 Value Line
PCC.MCU=STM32F030K6Tx
PCC.PartNumber=STM32F030K6Tx
PCC.Seq0=0
PCC.Series=STM32F0
PCC.Temperature=25
PCC.Vdd=3.6
PinOutPanel.RotationAngle=0
ProjectManager.AskForMigrate=true
ProjectManager.BackupPrevious=false
ProjectManager.CompilerOptimize=6
ProjectManager.ComputerToolchain=false
ProjectManager.CoupleFile=false
ProjectManager.CustomerFirmwarePackage=
ProjectManager.DefaultFWLocation=true
ProjectManager.DeletePrevious=true
ProjectManager.DeviceId=STM32F030K6Tx
ProjectManager.FirmwarePackage=STM32Cube FW_F0 V1.9.0
ProjectManager.FreePins=false
ProjectManager.HalAssertFull=false
ProjectManager.HeapSize=0x200
ProjectManager.KeepUserCode=true
ProjectManager.LastFirmware=true
ProjectManager.LibraryCopy=0
ProjectManager.MainLocation=Src
ProjectManager.NoMain=false
ProjectManager.PreviousToolchain=
ProjectManager.ProjectBuild=false
ProjectManager.ProjectFileName=firmware.ioc
ProjectManager.ProjectName=firmware
ProjectManager.StackSize=0x400
ProjectManager.TargetToolchain=EWARM V8
ProjectManager.ToolChainLocation=
ProjectManager.UnderRoot=false
ProjectManager.functionlistsort=1-MX_GPIO_Init-GPIO-false-HAL-true,2-SystemClock_Config-RCC-false-HAL-false,3-MX_I2C1_Init-I2C1-false-HAL-true,4-MX_SPI1_Init-SPI1-false-HAL-true
RCC.FamilyName=M
RCC.IPParameters=FamilyName,PLLCLKFreq_Value,PLLMCOFreq_Value,TimSysFreq_Value
RCC.PLLCLKFreq_Value=8000000
RCC.PLLMCOFreq_Value=8000000
RCC.TimSysFreq_Value=8000000
SH.GPXTI0.0=GPIO_EXTI0
SH.GPXTI0.ConfNb=1
SH.GPXTI1.0=GPIO_EXTI1
SH.GPXTI1.ConfNb=1
SH.GPXTI11.0=GPIO_EXTI11
SH.GPXTI11.ConfNb=1
SH.GPXTI12.0=GPIO_EXTI12
SH.GPXTI12.ConfNb=1
SH.GPXTI13.0=GPIO_EXTI13
SH.GPXTI13.ConfNb=1
SH.GPXTI14.0=GPIO_EXTI14
SH.GPXTI14.ConfNb=1
SH.GPXTI15.0=GPIO_EXTI15
SH.GPXTI15.ConfNb=1
SH.GPXTI2.0=GPIO_EXTI2
SH.GPXTI2.ConfNb=1
SH.GPXTI3.0=GPIO_EXTI3
SH.GPXTI3.ConfNb=1
SH.GPXTI4.0=GPIO_EXTI4
SH.GPXTI4.ConfNb=1
SH.GPXTI5.0=GPIO_EXTI5
SH.GPXTI5.ConfNb=1
SH.GPXTI6.0=GPIO_EXTI6
SH.GPXTI6.ConfNb=1
SH.GPXTI7.0=GPIO_EXTI7
SH.GPXTI7.ConfNb=1
SH.GPXTI8.0=GPIO_EXTI8
SH.GPXTI8.ConfNb=1
SPI1.CalculateBaudRate=4.0 MBits/s
SPI1.Direction=SPI_DIRECTION_2LINES
SPI1.IPParameters=VirtualType,Mode,Direction,CalculateBaudRate
SPI1.Mode=SPI_MODE_MASTER
SPI1.VirtualType=VM_MASTER
VP_SYS_VS_Systick.Mode=SysTick
VP_SYS_VS_Systick.Signal=SYS_VS_Systick
board=custom
